
Microsoft Visual Studio Solution File, Format Version 12.00
# Visual Studio Version 17
VisualStudioVersion = 17.4.33122.133
MinimumVisualStudioVersion = 10.0.40219.1
Project("{9A19103F-16F7-4668-BE54-9A1E7A4F7556}") = "HM5.Server", "Src\HM5.Server\HM5.Server.csproj", "{6FA95780-4890-46C7-9342-C5CC7E465EEF}"
EndProject
Project("{2150E333-8FDC-42A3-9474-1A3956D46DE8}") = "Documentation", "Documentation", "{43E1351B-28D0-45FE-A10A-545CFE650039}"
	ProjectSection(SolutionItems) = preProject
		README.md = README.md
	EndProjectSection
EndProject
Project("{8BC9CEB8-8B4A-11D0-8D11-00A0C91BC942}") = "MH5.Hook", "Src\HM5.Hook\MH5.Hook.vcxproj", "{57ABB826-E2F3-4908-BBBB-634C1A747CAA}"
EndProject
Project("{FAE04EC0-301F-11D3-BF4B-00C04F79EFBC}") = "HM5.Test", "Src\HM5.Test\HM5.Test.csproj", "{815C296D-7137-4DC6-96FF-4EC7432CEA1F}"
EndProject
Global
	GlobalSection(SolutionConfigurationPlatforms) = preSolution
		Debug|Any CPU = Debug|Any CPU
		Debug|x64 = Debug|x64
		Debug|x86 = Debug|x86
		Release|Any CPU = Release|Any CPU
		Release|x64 = Release|x64
		Release|x86 = Release|x86
	EndGlobalSection
	GlobalSection(ProjectConfigurationPlatforms) = postSolution
		{6FA95780-4890-46C7-9342-C5CC7E465EEF}.Debug|Any CPU.ActiveCfg = Debug|Any CPU
		{6FA95780-4890-46C7-9342-C5CC7E465EEF}.Debug|Any CPU.Build.0 = Debug|Any CPU
		{6FA95780-4890-46C7-9342-C5CC7E465EEF}.Debug|x64.ActiveCfg = Debug|Any CPU
		{6FA95780-4890-46C7-9342-C5CC7E465EEF}.Debug|x64.Build.0 = Debug|Any CPU
		{6FA95780-4890-46C7-9342-C5CC7E465EEF}.Debug|x86.ActiveCfg = Debug|Any CPU
		{6FA95780-4890-46C7-9342-C5CC7E465EEF}.Debug|x86.Build.0 = Debug|Any CPU
		{6FA95780-4890-46C7-9342-C5CC7E465EEF}.Release|Any CPU.ActiveCfg = Release|Any CPU
		{6FA95780-4890-46C7-9342-C5CC7E465EEF}.Release|Any CPU.Build.0 = Release|Any CPU
		{6FA95780-4890-46C7-9342-C5CC7E465EEF}.Release|x64.ActiveCfg = Release|Any CPU
		{6FA95780-4890-46C7-9342-C5CC7E465EEF}.Release|x64.Build.0 = Release|Any CPU
		{6FA95780-4890-46C7-9342-C5CC7E465EEF}.Release|x86.ActiveCfg = Release|Any CPU
		{6FA95780-4890-46C7-9342-C5CC7E465EEF}.Release|x86.Build.0 = Release|Any CPU
		{57ABB826-E2F3-4908-BBBB-634C1A747CAA}.Debug|Any CPU.ActiveCfg = Debug|Win32
		{57ABB826-E2F3-4908-BBBB-634C1A747CAA}.Debug|Any CPU.Build.0 = Debug|Win32
		{57ABB826-E2F3-4908-BBBB-634C1A747CAA}.Debug|x64.ActiveCfg = Debug|x64
		{57ABB826-E2F3-4908-BBBB-634C1A747CAA}.Debug|x64.Build.0 = Debug|x64
		{57ABB826-E2F3-4908-BBBB-634C1A747CAA}.Debug|x86.ActiveCfg = Debug|Win32
		{57ABB826-E2F3-4908-BBBB-634C1A747CAA}.Debug|x86.Build.0 = Debug|Win32
		{57ABB826-E2F3-4908-BBBB-634C1A747CAA}.Release|Any CPU.ActiveCfg = Release|Win32
		{57ABB826-E2F3-4908-BBBB-634C1A747CAA}.Release|Any CPU.Build.0 = Release|Win32
		{57ABB826-E2F3-4908-BBBB-634C1A747CAA}.Release|x64.ActiveCfg = Release|x64
		{57ABB826-E2F3-4908-BBBB-634C1A747CAA}.Release|x64.Build.0 = Release|x64
		{57ABB826-E2F3-4908-BBBB-634C1A747CAA}.Release|x86.ActiveCfg = Release|Win32
		{57ABB826-E2F3-4908-BBBB-634C1A747CAA}.Release|x86.Build.0 = Release|Win32
		{815C296D-7137-4DC6-96FF-4EC7432CEA1F}.Debug|Any CPU.ActiveCfg = Debug|Any CPU
		{815C296D-7137-4DC6-96FF-4EC7432CEA1F}.Debug|Any CPU.Build.0 = Debug|Any CPU
		{815C296D-7137-4DC6-96FF-4EC7432CEA1F}.Debug|x64.ActiveCfg = Debug|Any CPU
		{815C296D-7137-4DC6-96FF-4EC7432CEA1F}.Debug|x64.Build.0 = Debug|Any CPU
		{815C296D-7137-4DC6-96FF-4EC7432CEA1F}.Debug|x86.ActiveCfg = Debug|Any CPU
		{815C296D-7137-4DC6-96FF-4EC7432CEA1F}.Debug|x86.Build.0 = Debug|Any CPU
		{815C296D-7137-4DC6-96FF-4EC7432CEA1F}.Release|Any CPU.ActiveCfg = Release|Any CPU
		{815C296D-7137-4DC6-96FF-4EC7432CEA1F}.Release|Any CPU.Build.0 = Release|Any CPU
		{815C296D-7137-4DC6-96FF-4EC7432CEA1F}.Release|x64.ActiveCfg = Release|Any CPU
		{815C296D-7137-4DC6-96FF-4EC7432CEA1F}.Release|x64.Build.0 = Release|Any CPU
		{815C296D-7137-4DC6-96FF-4EC7432CEA1F}.Release|x86.ActiveCfg = Release|Any CPU
		{815C296D-7137-4DC6-96FF-4EC7432CEA1F}.Release|x86.Build.0 = Release|Any CPU
	EndGlobalSection
	GlobalSection(SolutionProperties) = preSolution
		HideSolutionNode = FALSE
	EndGlobalSection
	GlobalSection(ExtensibilityGlobals) = postSolution
		SolutionGuid = {742A6A34-A300-4A5A-BD85-0CBCC7421E7A}
	EndGlobalSection
EndGlobal
